
Microsoft Visual Studio Solution File, Format Version 12.00
# Visual Studio 14
VisualStudioVersion = 14.0.24720.0
MinimumVisualStudioVersion = 10.0.40219.1
Project("{FAE04EC0-301F-11D3-BF4B-00C04F79EFBC}") = "BCPrice_Catcher", "BCPrice_Catcher\BCPrice_Catcher.csproj", "{C0D7B7F7-8E45-4D4C-84FC-96CB78102532}"
EndProject
Global
	GlobalSection(SolutionConfigurationPlatforms) = preSolution
		Debug|Any CPU = Debug|Any CPU
		Release|Any CPU = Release|Any CPU
	EndGlobalSection
	GlobalSection(ProjectConfigurationPlatforms) = postSolution
		{C0D7B7F7-8E45-4D4C-84FC-96CB78102532}.Debug|Any CPU.ActiveCfg = Debug|Any CPU
		{C0D7B7F7-8E45-4D4C-84FC-96CB78102532}.Debug|Any CPU.Build.0 = Debug|Any CPU
		{C0D7B7F7-8E45-4D4C-84FC-96CB78102532}.Release|Any CPU.ActiveCfg = Release|Any CPU
		{C0D7B7F7-8E45-4D4C-84FC-96CB78102532}.Release|Any CPU.Build.0 = Release|Any CPU
	EndGlobalSection
	GlobalSection(SolutionProperties) = preSolution
		HideSolutionNode = FALSE
	EndGlobalSection
EndGlobal
